{
    "_meta": {
        "hash": {
            "sha256": "3210ba656d6ab7fa9b9a76b69822697f33bfbdc4d507318455f76addb0905ecf"
        },
        "pipfile-spec": 6,
        "requires": {
            "python_version": "3.10"
        },
        "sources": [
            {
                "name": "pypi",
                "url": "https://pypi.org/simple",
                "verify_ssl": true
            }
        ]
    },
    "default": {
        "coloredlogs": {
            "hashes": [
                "sha256:612ee75c546f53e92e70049c9dbfcc18c935a2b9a53b66085ce9ef6a6e5c0934",
                "sha256:7c991aa71a4577af2f82600d8f8f3a89f936baeaf9b50a9c197da014e5bf16b0"
            ],
            "index": "pypi",
            "version": "==15.0.1"
        },
        "humanfriendly": {
            "hashes": [
                "sha256:1697e1a8a8f550fd43c2865cd84542fc175a61dcb779b6fee18cf6b6ccba1477",
                "sha256:6b0b831ce8f15f7300721aa49829fc4e83921a9a301cc7f606be6686a2288ddc"
            ],
            "markers": "python_version >= '2.7' and python_version not in '3.0, 3.1, 3.2, 3.3, 3.4'",
            "version": "==10.0"
        },
        "instagram-private-api": {
            "hashes": [
                "sha256:5f9403fbd359764b2d070fa8ac22bc4546ec5a53c45676bcddafa66dc74d2f07",
                "sha256:dfe0c2cb5aa881b98b2e428c3b02fa664a52af3f2d2354c19c4a8967cedf5d8e"
            ],
            "index": "pypi",
            "version": "==1.6.0.0"
        }
    },
    "develop": {}
}
